
Microsoft Visual Studio Solution File, Format Version 12.00
# Visual Studio 2013
VisualStudioVersion = 12.0.31101.0
MinimumVisualStudioVersion = 10.0.40219.1
Project("{FAE04EC0-301F-11D3-BF4B-00C04F79EFBC}") = "EmbeddingWindows", "EmbeddingWindows.csproj", "{FFDF7F85-3108-4600-B053-F5571728D5CC}"
EndProject
Global
	GlobalSection(SolutionConfigurationPlatforms) = preSolution
		Debug|Any CPU = Debug|Any CPU
		Release|Any CPU = Release|Any CPU
	EndGlobalSection
	GlobalSection(ProjectConfigurationPlatforms) = postSolution
		{FFDF7F85-3108-4600-B053-F5571728D5CC}.Debug|Any CPU.ActiveCfg = Debug|Any CPU
		{FFDF7F85-3108-4600-B053-F5571728D5CC}.Debug|Any CPU.Build.0 = Debug|Any CPU
		{FFDF7F85-3108-4600-B053-F5571728D5CC}.Release|Any CPU.ActiveCfg = Release|Any CPU
		{FFDF7F85-3108-4600-B053-F5571728D5CC}.Release|Any CPU.Build.0 = Release|Any CPU
	EndGlobalSection
	GlobalSection(SolutionProperties) = preSolution
		HideSolutionNode = FALSE
	EndGlobalSection
EndGlobal
